
Microsoft Visual Studio Solution File, Format Version 12.00
# Visual Studio Version 17
VisualStudioVersion = 17.9.34622.214
MinimumVisualStudioVersion = 10.0.40219.1
Project("{FAE04EC0-301F-11D3-BF4B-00C04F79EFBC}") = "Calculator3", "Calculator3\Calculator3.csproj", "{DA7AF415-F1F9-4BCF-AD7A-06DC239ABE00}"
EndProject
Global
	GlobalSection(SolutionConfigurationPlatforms) = preSolution
		Debug|Any CPU = Debug|Any CPU
		Release|Any CPU = Release|Any CPU
	EndGlobalSection
	GlobalSection(ProjectConfigurationPlatforms) = postSolution
		{DA7AF415-F1F9-4BCF-AD7A-06DC239ABE00}.Debug|Any CPU.ActiveCfg = Debug|Any CPU
		{DA7AF415-F1F9-4BCF-AD7A-06DC239ABE00}.Debug|Any CPU.Build.0 = Debug|Any CPU
		{DA7AF415-F1F9-4BCF-AD7A-06DC239ABE00}.Release|Any CPU.ActiveCfg = Release|Any CPU
		{DA7AF415-F1F9-4BCF-AD7A-06DC239ABE00}.Release|Any CPU.Build.0 = Release|Any CPU
	EndGlobalSection
	GlobalSection(SolutionProperties) = preSolution
		HideSolutionNode = FALSE
	EndGlobalSection
	GlobalSection(ExtensibilityGlobals) = postSolution
		SolutionGuid = {7C60E288-413F-475D-B42E-7C7F22D89420}
	EndGlobalSection
EndGlobal
